
Microsoft Visual Studio Solution File, Format Version 12.00
Project("{FAE04EC0-301F-11D3-BF4B-00C04F79EFBC}") = "ExiledTemplate", "ExiledTemplate\ExiledTemplate.csproj", "{2A14EC01-836B-425D-B755-4914673034E2}"
EndProject
Project("{FAE04EC0-301F-11D3-BF4B-00C04F79EFBC}") = "BroadcastPlugin", "BroadcastPlugin\BroadcastPlugin.csproj", "{6478844D-2A7A-493F-A3E9-178FAD74001C}"
EndProject
Project("{FAE04EC0-301F-11D3-BF4B-00C04F79EFBC}") = "ScpHealingPlugin", "ScpHealingPlugin\ScpHealingPlugin.csproj", "{79B900FE-FE6A-411F-A54D-28253AA34124}"
EndProject
Global
	GlobalSection(SolutionConfigurationPlatforms) = preSolution
		Debug|Any CPU = Debug|Any CPU
		Release|Any CPU = Release|Any CPU
	EndGlobalSection
	GlobalSection(ProjectConfigurationPlatforms) = postSolution
		{2A14EC01-836B-425D-B755-4914673034E2}.Debug|Any CPU.ActiveCfg = Debug|Any CPU
		{2A14EC01-836B-425D-B755-4914673034E2}.Debug|Any CPU.Build.0 = Debug|Any CPU
		{2A14EC01-836B-425D-B755-4914673034E2}.Release|Any CPU.ActiveCfg = Release|Any CPU
		{2A14EC01-836B-425D-B755-4914673034E2}.Release|Any CPU.Build.0 = Release|Any CPU
		{6478844D-2A7A-493F-A3E9-178FAD74001C}.Debug|Any CPU.ActiveCfg = Debug|Any CPU
		{6478844D-2A7A-493F-A3E9-178FAD74001C}.Debug|Any CPU.Build.0 = Debug|Any CPU
		{6478844D-2A7A-493F-A3E9-178FAD74001C}.Release|Any CPU.ActiveCfg = Release|Any CPU
		{6478844D-2A7A-493F-A3E9-178FAD74001C}.Release|Any CPU.Build.0 = Release|Any CPU
		{79B900FE-FE6A-411F-A54D-28253AA34124}.Debug|Any CPU.ActiveCfg = Debug|Any CPU
		{79B900FE-FE6A-411F-A54D-28253AA34124}.Debug|Any CPU.Build.0 = Debug|Any CPU
		{79B900FE-FE6A-411F-A54D-28253AA34124}.Release|Any CPU.ActiveCfg = Release|Any CPU
		{79B900FE-FE6A-411F-A54D-28253AA34124}.Release|Any CPU.Build.0 = Release|Any CPU
	EndGlobalSection
EndGlobal
